// !$*UTF8*$!
{
	archiveVersion = 1;
	classes = {
	};
	objectVersion = 48;
	objects = {

/* Begin PBXBuildFile section */
		B227DFA82047609B0032827E /* Delay.swift in Sources */ = {isa = PBXBuildFile; fileRef = B227DFA72047609B0032827E /* Delay.swift */; };
		B228D4E62040B17000CAF2DA /* Game.swift in Sources */ = {isa = PBXBuildFile; fileRef = B228D4E52040B17000CAF2DA /* Game.swift */; };
		B228D4FA2040EF2400CAF2DA /* CasualCasinoTests.swift in Sources */ = {isa = PBXBuildFile; fileRef = B228D4F92040EF2400CAF2DA /* CasualCasinoTests.swift */; };
		B2355BDF1F914C64002A6CAB /* AppDelegate.swift in Sources */ = {isa = PBXBuildFile; fileRef = B2355BDE1F914C64002A6CAB /* AppDelegate.swift */; };
		B2355BE11F914C64002A6CAB /* ViewController.swift in Sources */ = {isa = PBXBuildFile; fileRef = B2355BE01F914C64002A6CAB /* ViewController.swift */; };
		B2355BE41F914C64002A6CAB /* Main.storyboard in Resources */ = {isa = PBXBuildFile; fileRef = B2355BE21F914C64002A6CAB /* Main.storyboard */; };
		B2355BE71F914C64002A6CAB /* CasualCasino.xcdatamodeld in Sources */ = {isa = PBXBuildFile; fileRef = B2355BE51F914C64002A6CAB /* CasualCasino.xcdatamodeld */; };
		B2355BE91F914C64002A6CAB /* Assets.xcassets in Resources */ = {isa = PBXBuildFile; fileRef = B2355BE81F914C64002A6CAB /* Assets.xcassets */; };
		B2355BEC1F914C64002A6CAB /* LaunchScreen.storyboard in Resources */ = {isa = PBXBuildFile; fileRef = B2355BEA1F914C64002A6CAB /* LaunchScreen.storyboard */; };
		B252C5B31F97A9E0008E614F /* Card.swift in Sources */ = {isa = PBXBuildFile; fileRef = B252C5B21F97A9E0008E614F /* Card.swift */; };
		B278FF371FF437160094AFE5 /* Player.swift in Sources */ = {isa = PBXBuildFile; fileRef = B278FF361FF437160094AFE5 /* Player.swift */; };
		B28D89AA1FFD7C6000122441 /* PlayerStatistics.swift in Sources */ = {isa = PBXBuildFile; fileRef = B28D89A91FFD7C6000122441 /* PlayerStatistics.swift */; };
		B2A83C701FDA337A006F7EAA /* Hand.swift in Sources */ = {isa = PBXBuildFile; fileRef = B2A83C6F1FDA337A006F7EAA /* Hand.swift */; };
		B2A83C721FDA39B7006F7EAA /* Deck.swift in Sources */ = {isa = PBXBuildFile; fileRef = B2A83C711FDA39B7006F7EAA /* Deck.swift */; };
		B2F119DE1FF5D68300019515 /* ShuffleExtension.swift in Sources */ = {isa = PBXBuildFile; fileRef = B2F119DD1FF5D68300019515 /* ShuffleExtension.swift */; };
/* End PBXBuildFile section */

/* Begin PBXContainerItemProxy section */
		B228D4F42040EEDC00CAF2DA /* PBXContainerItemProxy */ = {
			isa = PBXContainerItemProxy;
			containerPortal = B2355BD31F914C64002A6CAB /* Project object */;
			proxyType = 1;
			remoteGlobalIDString = B2355BDA1F914C64002A6CAB;
			remoteInfo = CasualCasino;
		};
/* End PBXContainerItemProxy section */

/* Begin PBXFileReference section */
		B227DFA72047609B0032827E /* Delay.swift */ = {isa = PBXFileReference; lastKnownFileType = sourcecode.swift; path = Delay.swift; sourceTree = "<group>"; };
		B228D4E52040B17000CAF2DA /* Game.swift */ = {isa = PBXFileReference; lastKnownFileType = sourcecode.swift; path = Game.swift; sourceTree = "<group>"; };
		B228D4EF2040EEDC00CAF2DA /* CasualCasinoTests.xctest */ = {isa = PBXFileReference; explicitFileType = wrapper.cfbundle; includeInIndex = 0; path = CasualCasinoTests.xctest; sourceTree = BUILT_PRODUCTS_DIR; };
		B228D4F32040EEDC00CAF2DA /* Info.plist */ = {isa = PBXFileReference; lastKnownFileType = text.plist.xml; path = Info.plist; sourceTree = "<group>"; };
		B228D4F92040EF2400CAF2DA /* CasualCasinoTests.swift */ = {isa = PBXFileReference; fileEncoding = 4; lastKnownFileType = sourcecode.swift; name = CasualCasinoTests.swift; path = ../../../../.Trash/CasualCasinoTests.swift; sourceTree = "<group>"; };
		B2355BDB1F914C64002A6CAB /* CasualCasino.app */ = {isa = PBXFileReference; explicitFileType = wrapper.application; includeInIndex = 0; path = CasualCasino.app; sourceTree = BUILT_PRODUCTS_DIR; };
		B2355BDE1F914C64002A6CAB /* AppDelegate.swift */ = {isa = PBXFileReference; lastKnownFileType = sourcecode.swift; path = AppDelegate.swift; sourceTree = "<group>"; };
		B2355BE01F914C64002A6CAB /* ViewController.swift */ = {isa = PBXFileReference; lastKnownFileType = sourcecode.swift; path = ViewController.swift; sourceTree = "<group>"; };
		B2355BE31F914C64002A6CAB /* Base */ = {isa = PBXFileReference; lastKnownFileType = file.storyboard; name = Base; path = Base.lproj/Main.storyboard; sourceTree = "<group>"; };
		B2355BE61F914C64002A6CAB /* CasualCasino.xcdatamodel */ = {isa = PBXFileReference; lastKnownFileType = wrapper.xcdatamodel; path = CasualCasino.xcdatamodel; sourceTree = "<group>"; };
		B2355BE81F914C64002A6CAB /* Assets.xcassets */ = {isa = PBXFileReference; lastKnownFileType = folder.assetcatalog; path = Assets.xcassets; sourceTree = "<group>"; };
		B2355BEB1F914C64002A6CAB /* Base */ = {isa = PBXFileReference; lastKnownFileType = file.storyboard; name = Base; path = Base.lproj/LaunchScreen.storyboard; sourceTree = "<group>"; };
		B2355BED1F914C64002A6CAB /* Info.plist */ = {isa = PBXFileReference; lastKnownFileType = text.plist.xml; path = Info.plist; sourceTree = "<group>"; };
		B252C5B21F97A9E0008E614F /* Card.swift */ = {isa = PBXFileReference; lastKnownFileType = sourcecode.swift; path = Card.swift; sourceTree = "<group>"; };
		B278FF361FF437160094AFE5 /* Player.swift */ = {isa = PBXFileReference; lastKnownFileType = sourcecode.swift; path = Player.swift; sourceTree = "<group>"; };
		B28D89A91FFD7C6000122441 /* PlayerStatistics.swift */ = {isa = PBXFileReference; lastKnownFileType = sourcecode.swift; path = PlayerStatistics.swift; sourceTree = "<group>"; };
		B2A83C6F1FDA337A006F7EAA /* Hand.swift */ = {isa = PBXFileReference; lastKnownFileType = sourcecode.swift; path = Hand.swift; sourceTree = "<group>"; };
		B2A83C711FDA39B7006F7EAA /* Deck.swift */ = {isa = PBXFileReference; lastKnownFileType = sourcecode.swift; path = Deck.swift; sourceTree = "<group>"; };
		B2F119DD1FF5D68300019515 /* ShuffleExtension.swift */ = {isa = PBXFileReference; lastKnownFileType = sourcecode.swift; path = ShuffleExtension.swift; sourceTree = "<group>"; };
/* End PBXFileReference section */

/* Begin PBXFrameworksBuildPhase section */
		B228D4EC2040EEDC00CAF2DA /* Frameworks */ = {
			isa = PBXFrameworksBuildPhase;
			buildActionMask = 2147483647;
			files = (
			);
			runOnlyForDeploymentPostprocessing = 0;
		};
		B2355BD81F914C64002A6CAB /* Frameworks */ = {
			isa = PBXFrameworksBuildPhase;
			buildActionMask = 2147483647;
			files = (
			);
			runOnlyForDeploymentPostprocessing = 0;
		};
/* End PBXFrameworksBuildPhase section */

/* Begin PBXGroup section */
		B227DFA6204760860032827E /* Helpers */ = {
			isa = PBXGroup;
			children = (
				B2F119DD1FF5D68300019515 /* ShuffleExtension.swift */,
				B227DFA72047609B0032827E /* Delay.swift */,
			);
			path = Helpers;
			sourceTree = "<group>";
		};
		B228D4E32040B06500CAF2DA /* Models */ = {
			isa = PBXGroup;
			children = (
				B2A83C711FDA39B7006F7EAA /* Deck.swift */,
				B252C5B21F97A9E0008E614F /* Card.swift */,
				B2A83C6F1FDA337A006F7EAA /* Hand.swift */,
				B278FF361FF437160094AFE5 /* Player.swift */,
				B28D89A91FFD7C6000122441 /* PlayerStatistics.swift */,
				B228D4E52040B17000CAF2DA /* Game.swift */,
			);
			path = Models;
			sourceTree = "<group>";
		};
		B228D4E42040B13000CAF2DA /* ViewModels */ = {
			isa = PBXGroup;
			children = (
			);
			path = ViewModels;
			sourceTree = "<group>";
		};
		B228D4F02040EEDC00CAF2DA /* CasualCasinoTests */ = {
			isa = PBXGroup;
			children = (
				B228D4F92040EF2400CAF2DA /* CasualCasinoTests.swift */,
				B228D4F32040EEDC00CAF2DA /* Info.plist */,
			);
			path = CasualCasinoTests;
			sourceTree = "<group>";
		};
		B2355BD21F914C64002A6CAB = {
			isa = PBXGroup;
			children = (
				B2355BDD1F914C64002A6CAB /* CasualCasino */,
				B228D4F02040EEDC00CAF2DA /* CasualCasinoTests */,
				B2355BDC1F914C64002A6CAB /* Products */,
			);
			sourceTree = "<group>";
		};
		B2355BDC1F914C64002A6CAB /* Products */ = {
			isa = PBXGroup;
			children = (
				B2355BDB1F914C64002A6CAB /* CasualCasino.app */,
				B228D4EF2040EEDC00CAF2DA /* CasualCasinoTests.xctest */,
			);
			name = Products;
			sourceTree = "<group>";
		};
		B2355BDD1F914C64002A6CAB /* CasualCasino */ = {
			isa = PBXGroup;
			children = (
				B227DFA6204760860032827E /* Helpers */,
				B228D4E42040B13000CAF2DA /* ViewModels */,
				B228D4E32040B06500CAF2DA /* Models */,
				B2355BDE1F914C64002A6CAB /* AppDelegate.swift */,
				B2355BE01F914C64002A6CAB /* ViewController.swift */,
				B2355BE21F914C64002A6CAB /* Main.storyboard */,
				B2355BE81F914C64002A6CAB /* Assets.xcassets */,
				B2355BEA1F914C64002A6CAB /* LaunchScreen.storyboard */,
				B2355BED1F914C64002A6CAB /* Info.plist */,
				B2355BE51F914C64002A6CAB /* CasualCasino.xcdatamodeld */,
			);
			path = CasualCasino;
			sourceTree = "<group>";
		};
/* End PBXGroup section */

/* Begin PBXNativeTarget section */
		B228D4EE2040EEDC00CAF2DA /* CasualCasinoTests */ = {
			isa = PBXNativeTarget;
			buildConfigurationList = B228D4F62040EEDC00CAF2DA /* Build configuration list for PBXNativeTarget "CasualCasinoTests" */;
			buildPhases = (
				B228D4EB2040EEDC00CAF2DA /* Sources */,
				B228D4EC2040EEDC00CAF2DA /* Frameworks */,
				B228D4ED2040EEDC00CAF2DA /* Resources */,
			);
			buildRules = (
			);
			dependencies = (
				B228D4F52040EEDC00CAF2DA /* PBXTargetDependency */,
			);
			name = CasualCasinoTests;
			productName = CasualCasinoTests;
			productReference = B228D4EF2040EEDC00CAF2DA /* CasualCasinoTests.xctest */;
			productType = "com.apple.product-type.bundle.unit-test";
		};
		B2355BDA1F914C64002A6CAB /* CasualCasino */ = {
			isa = PBXNativeTarget;
			buildConfigurationList = B2355BF01F914C64002A6CAB /* Build configuration list for PBXNativeTarget "CasualCasino" */;
			buildPhases = (
				B2355BD71F914C64002A6CAB /* Sources */,
				B2355BD81F914C64002A6CAB /* Frameworks */,
				B2355BD91F914C64002A6CAB /* Resources */,
			);
			buildRules = (
			);
			dependencies = (
			);
			name = CasualCasino;
			productName = CasualCasino;
			productReference = B2355BDB1F914C64002A6CAB /* CasualCasino.app */;
			productType = "com.apple.product-type.application";
		};
/* End PBXNativeTarget section */

/* Begin PBXProject section */
		B2355BD31F914C64002A6CAB /* Project object */ = {
			isa = PBXProject;
			attributes = {
				LastSwiftUpdateCheck = 0920;
				LastUpgradeCheck = 0900;
				ORGANIZATIONNAME = "Johnny Curran";
				TargetAttributes = {
					B228D4EE2040EEDC00CAF2DA = {
						CreatedOnToolsVersion = 9.2;
						LastSwiftMigration = 0920;
						ProvisioningStyle = Automatic;
						TestTargetID = B2355BDA1F914C64002A6CAB;
					};
					B2355BDA1F914C64002A6CAB = {
						CreatedOnToolsVersion = 9.0;
						ProvisioningStyle = Automatic;
					};
				};
			};
			buildConfigurationList = B2355BD61F914C64002A6CAB /* Build configuration list for PBXProject "CasualCasino" */;
			compatibilityVersion = "Xcode 8.0";
			developmentRegion = en;
			hasScannedForEncodings = 0;
			knownRegions = (
				en,
				Base,
			);
			mainGroup = B2355BD21F914C64002A6CAB;
			productRefGroup = B2355BDC1F914C64002A6CAB /* Products */;
			projectDirPath = "";
			projectRoot = "";
			targets = (
				B2355BDA1F914C64002A6CAB /* CasualCasino */,
				B228D4EE2040EEDC00CAF2DA /* CasualCasinoTests */,
			);
		};
/* End PBXProject section */

/* Begin PBXResourcesBuildPhase section */
		B228D4ED2040EEDC00CAF2DA /* Resources */ = {
			isa = PBXResourcesBuildPhase;
			buildActionMask = 2147483647;
			files = (
			);
			runOnlyForDeploymentPostprocessing = 0;
		};
		B2355BD91F914C64002A6CAB /* Resources */ = {
			isa = PBXResourcesBuildPhase;
			buildActionMask = 2147483647;
			files = (
				B2355BEC1F914C64002A6CAB /* LaunchScreen.storyboard in Resources */,
				B2355BE91F914C64002A6CAB /* Assets.xcassets in Resources */,
				B2355BE41F914C64002A6CAB /* Main.storyboard in Resources */,
			);
			runOnlyForDeploymentPostprocessing = 0;
		};
/* End PBXResourcesBuildPhase section */

/* Begin PBXSourcesBuildPhase section */
		B228D4EB2040EEDC00CAF2DA /* Sources */ = {
			isa = PBXSourcesBuildPhase;
			buildActionMask = 2147483647;
			files = (
				B228D4FA2040EF2400CAF2DA /* CasualCasinoTests.swift in Sources */,
			);
			runOnlyForDeploymentPostprocessing = 0;
		};
		B2355BD71F914C64002A6CAB /* Sources */ = {
			isa = PBXSourcesBuildPhase;
			buildActionMask = 2147483647;
			files = (
				B227DFA82047609B0032827E /* Delay.swift in Sources */,
				B28D89AA1FFD7C6000122441 /* PlayerStatistics.swift in Sources */,
				B228D4E62040B17000CAF2DA /* Game.swift in Sources */,
				B2A83C721FDA39B7006F7EAA /* Deck.swift in Sources */,
				B2355BE11F914C64002A6CAB /* ViewController.swift in Sources */,
				B2A83C701FDA337A006F7EAA /* Hand.swift in Sources */,
				B2F119DE1FF5D68300019515 /* ShuffleExtension.swift in Sources */,
				B278FF371FF437160094AFE5 /* Player.swift in Sources */,
				B2355BDF1F914C64002A6CAB /* AppDelegate.swift in Sources */,
				B2355BE71F914C64002A6CAB /* CasualCasino.xcdatamodeld in Sources */,
				B252C5B31F97A9E0008E614F /* Card.swift in Sources */,
			);
			runOnlyForDeploymentPostprocessing = 0;
		};
/* End PBXSourcesBuildPhase section */

/* Begin PBXTargetDependency section */
		B228D4F52040EEDC00CAF2DA /* PBXTargetDependency */ = {
			isa = PBXTargetDependency;
			target = B2355BDA1F914C64002A6CAB /* CasualCasino */;
			targetProxy = B228D4F42040EEDC00CAF2DA /* PBXContainerItemProxy */;
		};
/* End PBXTargetDependency section */

/* Begin PBXVariantGroup section */
		B2355BE21F914C64002A6CAB /* Main.storyboard */ = {
			isa = PBXVariantGroup;
			children = (
				B2355BE31F914C64002A6CAB /* Base */,
			);
			name = Main.storyboard;
			sourceTree = "<group>";
		};
		B2355BEA1F914C64002A6CAB /* LaunchScreen.storyboard */ = {
			isa = PBXVariantGroup;
			children = (
				B2355BEB1F914C64002A6CAB /* Base */,
			);
			name = LaunchScreen.storyboard;
			sourceTree = "<group>";
		};
/* End PBXVariantGroup section */

/* Begin XCBuildConfiguration section */
		B228D4F72040EEDC00CAF2DA /* Debug */ = {
			isa = XCBuildConfiguration;
			buildSettings = {
				BUNDLE_LOADER = "$(TEST_HOST)";
				CLANG_ENABLE_MODULES = YES;
				CODE_SIGN_STYLE = Automatic;
				DEVELOPMENT_TEAM = UWSXFAHZ4U;
				INFOPLIST_FILE = CasualCasinoTests/Info.plist;
				IPHONEOS_DEPLOYMENT_TARGET = 11.2;
				LD_RUNPATH_SEARCH_PATHS = "$(inherited) @executable_path/Frameworks @loader_path/Frameworks";
				PRODUCT_BUNDLE_IDENTIFIER = com.johncurran.CasualCasinoTests;
				PRODUCT_NAME = "$(TARGET_NAME)";
				SWIFT_OPTIMIZATION_LEVEL = "-Onone";
				SWIFT_VERSION = 4.0;
				TARGETED_DEVICE_FAMILY = "1,2";
				TEST_HOST = "$(BUILT_PRODUCTS_DIR)/CasualCasino.app/CasualCasino";
			};
			name = Debug;
		};
		B228D4F82040EEDC00CAF2DA /* Release */ = {
			isa = XCBuildConfiguration;
			buildSettings = {
				BUNDLE_LOADER = "$(TEST_HOST)";
				CLANG_ENABLE_MODULES = YES;
				CODE_SIGN_STYLE = Automatic;
				DEVELOPMENT_TEAM = UWSXFAHZ4U;
				INFOPLIST_FILE = CasualCasinoTests/Info.plist;
				IPHONEOS_DEPLOYMENT_TARGET = 11.2;
				LD_RUNPATH_SEARCH_PATHS = "$(inherited) @executable_path/Frameworks @loader_path/Frameworks";
				PRODUCT_BUNDLE_IDENTIFIER = com.johncurran.CasualCasinoTests;
				PRODUCT_NAME = "$(TARGET_NAME)";
				SWIFT_VERSION = 4.0;
				TARGETED_DEVICE_FAMILY = "1,2";
				TEST_HOST = "$(BUILT_PRODUCTS_DIR)/CasualCasino.app/CasualCasino";
			};
			name = Release;
		};
		B2355BEE1F914C64002A6CAB /* Debug */ = {
			isa = XCBuildConfiguration;
			buildSettings = {
				ALWAYS_SEARCH_USER_PATHS = NO;
				CLANG_ANALYZER_NONNULL = YES;
				CLANG_ANALYZER_NUMBER_OBJECT_CONVERSION = YES_AGGRESSIVE;
				CLANG_CXX_LANGUAGE_STANDARD = "gnu++14";
				CLANG_CXX_LIBRARY = "libc++";
				CLANG_ENABLE_MODULES = YES;
				CLANG_ENABLE_OBJC_ARC = YES;
				CLANG_WARN_BLOCK_CAPTURE_AUTORELEASING = YES;
				CLANG_WARN_BOOL_CONVERSION = YES;
				CLANG_WARN_COMMA = YES;
				CLANG_WARN_CONSTANT_CONVERSION = YES;
				CLANG_WARN_DIRECT_OBJC_ISA_USAGE = YES_ERROR;
				CLANG_WARN_DOCUMENTATION_COMMENTS = YES;
				CLANG_WARN_EMPTY_BODY = YES;
				CLANG_WARN_ENUM_CONVERSION = YES;
				CLANG_WARN_INFINITE_RECURSION = YES;
				CLANG_WARN_INT_CONVERSION = YES;
				CLANG_WARN_NON_LITERAL_NULL_CONVERSION = YES;
				CLANG_WARN_OBJC_LITERAL_CONVERSION = YES;
				CLANG_WARN_OBJC_ROOT_CLASS = YES_ERROR;
				CLANG_WARN_RANGE_LOOP_ANALYSIS = YES;
				CLANG_WARN_STRICT_PROTOTYPES = YES;
				CLANG_WARN_SUSPICIOUS_MOVE = YES;
				CLANG_WARN_UNGUARDED_AVAILABILITY = YES_AGGRESSIVE;
				CLANG_WARN_UNREACHABLE_CODE = YES;
				CLANG_WARN__DUPLICATE_METHOD_MATCH = YES;
				CODE_SIGN_IDENTITY = "iPhone Developer";
				COPY_PHASE_STRIP = NO;
				DEBUG_INFORMATION_FORMAT = dwarf;
				ENABLE_STRICT_OBJC_MSGSEND = YES;
				ENABLE_TESTABILITY = YES;
				GCC_C_LANGUAGE_STANDARD = gnu11;
				GCC_DYNAMIC_NO_PIC = NO;
				GCC_NO_COMMON_BLOCKS = YES;
				GCC_OPTIMIZATION_LEVEL = 0;
				GCC_PREPROCESSOR_DEFINITIONS = (
					"DEBUG=1",
					"$(inherited)",
				);
				GCC_WARN_64_TO_32_BIT_CONVERSION = YES;
				GCC_WARN_ABOUT_RETURN_TYPE = YES_ERROR;
				GCC_WARN_UNDECLARED_SELECTOR = YES;
				GCC_WARN_UNINITIALIZED_AUTOS = YES_AGGRESSIVE;
				GCC_WARN_UNUSED_FUNCTION = YES;
				GCC_WARN_UNUSED_VARIABLE = YES;
				IPHONEOS_DEPLOYMENT_TARGET = 11.0;
				MTL_ENABLE_DEBUG_INFO = YES;
				ONLY_ACTIVE_ARCH = YES;
				SDKROOT = iphoneos;
				SWIFT_ACTIVE_COMPILATION_CONDITIONS = DEBUG;
				SWIFT_OPTIMIZATION_LEVEL = "-Onone";
			};
			name = Debug;
		};
		B2355BEF1F914C64002A6CAB /* Release */ = {
			isa = XCBuildConfiguration;
			buildSettings = {
				ALWAYS_SEARCH_USER_PATHS = NO;
				CLANG_ANALYZER_NONNULL = YES;
				CLANG_ANALYZER_NUMBER_OBJECT_CONVERSION = YES_AGGRESSIVE;
				CLANG_CXX_LANGUAGE_STANDARD = "gnu++14";
				CLANG_CXX_LIBRARY = "libc++";
				CLANG_ENABLE_MODULES = YES;
				CLANG_ENABLE_OBJC_ARC = YES;
				CLANG_WARN_BLOCK_CAPTURE_AUTORELEASING = YES;
				CLANG_WARN_BOOL_CONVERSION = YES;
				CLANG_WARN_COMMA = YES;
				CLANG_WARN_CONSTANT_CONVERSION = YES;
				CLANG_WARN_DIRECT_OBJC_ISA_USAGE = YES_ERROR;
				CLANG_WARN_DOCUMENTATION_COMMENTS = YES;
				CLANG_WARN_EMPTY_BODY = YES;
				CLANG_WARN_ENUM_CONVERSION = YES;
				CLANG_WARN_INFINITE_RECURSION = YES;
				CLANG_WARN_INT_CONVERSION = YES;
				CLANG_WARN_NON_LITERAL_NULL_CONVERSION = YES;
				CLANG_WARN_OBJC_LITERAL_CONVERSION = YES;
				CLANG_WARN_OBJC_ROOT_CLASS = YES_ERROR;
				CLANG_WARN_RANGE_LOOP_ANALYSIS = YES;
				CLANG_WARN_STRICT_PROTOTYPES = YES;
				CLANG_WARN_SUSPICIOUS_MOVE = YES;
				CLANG_WARN_UNGUARDED_AVAILABILITY = YES_AGGRESSIVE;
				CLANG_WARN_UNREACHABLE_CODE = YES;
				CLANG_WARN__DUPLICATE_METHOD_MATCH = YES;
				CODE_SIGN_IDENTITY = "iPhone Developer";
				COPY_PHASE_STRIP = NO;
				DEBUG_INFORMATION_FORMAT = "dwarf-with-dsym";
				ENABLE_NS_ASSERTIONS = NO;
				ENABLE_STRICT_OBJC_MSGSEND = YES;
				GCC_C_LANGUAGE_STANDARD = gnu11;
				GCC_NO_COMMON_BLOCKS = YES;
				GCC_WARN_64_TO_32_BIT_CONVERSION = YES;
				GCC_WARN_ABOUT_RETURN_TYPE = YES_ERROR;
				GCC_WARN_UNDECLARED_SELECTOR = YES;
				GCC_WARN_UNINITIALIZED_AUTOS = YES_AGGRESSIVE;
				GCC_WARN_UNUSED_FUNCTION = YES;
				GCC_WARN_UNUSED_VARIABLE = YES;
				IPHONEOS_DEPLOYMENT_TARGET = 11.0;
				MTL_ENABLE_DEBUG_INFO = NO;
				SDKROOT = iphoneos;
				SWIFT_OPTIMIZATION_LEVEL = "-Owholemodule";
				VALIDATE_PRODUCT = YES;
			};
			name = Release;
		};
		B2355BF11F914C64002A6CAB /* Debug */ = {
			isa = XCBuildConfiguration;
			buildSettings = {
				ASSETCATALOG_COMPILER_APPICON_NAME = AppIcon;
				CODE_SIGN_STYLE = Automatic;
				DEVELOPMENT_TEAM = UWSXFAHZ4U;
				INFOPLIST_FILE = CasualCasino/Info.plist;
				IPHONEOS_DEPLOYMENT_TARGET = 10.3;
				LD_RUNPATH_SEARCH_PATHS = "$(inherited) @executable_path/Frameworks";
				PRODUCT_BUNDLE_IDENTIFIER = com.johncurran.CasualCasino;
				PRODUCT_NAME = "$(TARGET_NAME)";
				SWIFT_VERSION = 4.0;
				TARGETED_DEVICE_FAMILY = "1,2";
			};
			name = Debug;
		};
		B2355BF21F914C64002A6CAB /* Release */ = {
			isa = XCBuildConfiguration;
			buildSettings = {
				ASSETCATALOG_COMPILER_APPICON_NAME = AppIcon;
				CODE_SIGN_STYLE = Automatic;
				DEVELOPMENT_TEAM = UWSXFAHZ4U;
				INFOPLIST_FILE = CasualCasino/Info.plist;
				IPHONEOS_DEPLOYMENT_TARGET = 10.3;
				LD_RUNPATH_SEARCH_PATHS = "$(inherited) @executable_path/Frameworks";
				PRODUCT_BUNDLE_IDENTIFIER = com.johncurran.CasualCasino;
				PRODUCT_NAME = "$(TARGET_NAME)";
				SWIFT_VERSION = 4.0;
				TARGETED_DEVICE_FAMILY = "1,2";
			};
			name = Release;
		};
/* End XCBuildConfiguration section */

/* Begin XCConfigurationList section */
		B228D4F62040EEDC00CAF2DA /* Build configuration list for PBXNativeTarget "CasualCasinoTests" */ = {
			isa = XCConfigurationList;
			buildConfigurations = (
				B228D4F72040EEDC00CAF2DA /* Debug */,
				B228D4F82040EEDC00CAF2DA /* Release */,
			);
			defaultConfigurationIsVisible = 0;
			defaultConfigurationName = Release;
		};
		B2355BD61F914C64002A6CAB /* Build configuration list for PBXProject "CasualCasino" */ = {
			isa = XCConfigurationList;
			buildConfigurations = (
				B2355BEE1F914C64002A6CAB /* Debug */,
				B2355BEF1F914C64002A6CAB /* Release */,
			);
			defaultConfigurationIsVisible = 0;
			defaultConfigurationName = Release;
		};
		B2355BF01F914C64002A6CAB /* Build configuration list for PBXNativeTarget "CasualCasino" */ = {
			isa = XCConfigurationList;
			buildConfigurations = (
				B2355BF11F914C64002A6CAB /* Debug */,
				B2355BF21F914C64002A6CAB /* Release */,
			);
			defaultConfigurationIsVisible = 0;
			defaultConfigurationName = Release;
		};
/* End XCConfigurationList section */

/* Begin XCVersionGroup section */
		B2355BE51F914C64002A6CAB /* CasualCasino.xcdatamodeld */ = {
			isa = XCVersionGroup;
			children = (
				B2355BE61F914C64002A6CAB /* CasualCasino.xcdatamodel */,
			);
			currentVersion = B2355BE61F914C64002A6CAB /* CasualCasino.xcdatamodel */;
			path = CasualCasino.xcdatamodeld;
			sourceTree = "<group>";
			versionGroupType = wrapper.xcdatamodel;
		};
/* End XCVersionGroup section */
	};
	rootObject = B2355BD31F914C64002A6CAB /* Project object */;
}
